{
  "version": 4,
  "terraform_version": "1.3.7",
  "serial": 44,
  "lineage": "4517ee36-eb0b-5071-7242-4bf020e1e082",
  "outputs": {},
  "resources": [
    {
      "mode": "managed",
      "type": "google_bigquery_dataset",
      "name": "dataset",
      "provider": "provider[\"registry.terraform.io/hashicorp/google\"]",
      "instances": [
        {
          "schema_version": 0,
          "attributes": {
            "access": [
              {
                "dataset": [],
                "domain": "",
                "group_by_email": "",
                "role": "OWNER",
                "routine": [],
                "special_group": "",
                "user_by_email": "dary.spb@gmail.com",
                "view": []
              },
              {
                "dataset": [],
                "domain": "",
                "group_by_email": "",
                "role": "OWNER",
                "routine": [],
                "special_group": "projectOwners",
                "user_by_email": "",
                "view": []
              },
              {
                "dataset": [],
                "domain": "",
                "group_by_email": "",
                "role": "READER",
                "routine": [],
                "special_group": "projectReaders",
                "user_by_email": "",
                "view": []
              },
              {
                "dataset": [],
                "domain": "",
                "group_by_email": "",
                "role": "WRITER",
                "routine": [],
                "special_group": "projectWriters",
                "user_by_email": "",
                "view": []
              }
            ],
            "creation_time": 1674936406013,
            "dataset_id": "trips_data_all",
            "default_encryption_configuration": [],
            "default_partition_expiration_ms": 0,
            "default_table_expiration_ms": 0,
            "delete_contents_on_destroy": false,
            "description": "",
            "etag": "Ij/2Ux+I1UY5fNYxWShGGQ==",
            "friendly_name": "",
            "id": "projects/taxiworkflow/datasets/trips_data_all",
            "labels": {},
            "last_modified_time": 1676296749720,
            "location": "europe-west6",
            "max_time_travel_hours": "168",
            "project": "taxiworkflow",
            "self_link": "https://bigquery.googleapis.com/bigquery/v2/projects/taxiworkflow/datasets/trips_data_all",
            "timeouts": null
          },
          "sensitive_attributes": [],
          "private": "eyJlMmJmYjczMC1lY2FhLTExZTYtOGY4OC0zNDM2M2JjN2M0YzAiOnsiY3JlYXRlIjoxMjAwMDAwMDAwMDAwLCJkZWxldGUiOjEyMDAwMDAwMDAwMDAsInVwZGF0ZSI6MTIwMDAwMDAwMDAwMH19"
        }
      ]
    },
    {
      "mode": "managed",
      "type": "google_storage_bucket",
      "name": "data-lake-bucket",
      "provider": "provider[\"registry.terraform.io/hashicorp/google\"]",
      "instances": [
        {
          "schema_version": 0,
          "attributes": {
            "autoclass": [],
            "cors": [],
            "custom_placement_config": [],
            "default_event_based_hold": false,
            "encryption": [],
            "force_destroy": true,
            "id": "dtc_data_lake_taxiworkflow",
            "labels": {},
            "lifecycle_rule": [
              {
                "action": [
                  {
                    "storage_class": "",
                    "type": "Delete"
                  }
                ],
                "condition": [
                  {
                    "age": 30,
                    "created_before": "",
                    "custom_time_before": "",
                    "days_since_custom_time": 0,
                    "days_since_noncurrent_time": 0,
                    "matches_prefix": [],
                    "matches_storage_class": [],
                    "matches_suffix": [],
                    "noncurrent_time_before": "",
                    "num_newer_versions": 0,
                    "with_state": "ANY"
                  }
                ]
              }
            ],
            "location": "EUROPE-WEST6",
            "logging": [],
            "name": "dtc_data_lake_taxiworkflow",
            "project": "taxiworkflow",
            "public_access_prevention": "inherited",
            "requester_pays": false,
            "retention_policy": [],
            "self_link": "https://www.googleapis.com/storage/v1/b/dtc_data_lake_taxiworkflow",
            "storage_class": "STANDARD",
            "timeouts": null,
            "uniform_bucket_level_access": true,
            "url": "gs://dtc_data_lake_taxiworkflow",
            "versioning": [
              {
                "enabled": true
              }
            ],
            "website": []
          },
          "sensitive_attributes": [],
          "private": "eyJlMmJmYjczMC1lY2FhLTExZTYtOGY4OC0zNDM2M2JjN2M0YzAiOnsiY3JlYXRlIjoyNDAwMDAwMDAwMDAsInJlYWQiOjI0MDAwMDAwMDAwMCwidXBkYXRlIjoyNDAwMDAwMDAwMDB9fQ=="
        }
      ]
    },
    {
      "mode": "managed",
      "type": "null_resource",
      "name": "upload_folder_content",
      "provider": "provider[\"registry.terraform.io/hashicorp/null\"]",
      "instances": [
        {
          "status": "tainted",
          "schema_version": 0,
          "attributes": {
            "id": "1630896727460377227",
            "triggers": {
              "file_hashes": "{\"fhv_tripdata_2019-01.csv.gz\":\"d9325d166db56d4779dc5359e439b138a262d42ec953bf4f577e4a230cf8277c\",\"fhv_tripdata_2019-02.csv.gz\":\"63aca64603ae0237d21761ecb58908558d4c3fa6b36f379e40d8ce4498eb9c98\",\"fhv_tripdata_2019-03.csv.gz\":\"233155dd5561bd74c517ddbaa127a5562389e15eaf8ad0eaba4f55a38e8eb536\",\"fhv_tripdata_2019-04.csv.gz\":\"7121df1c4a3fdf09066fbe6ae1fb718c3f0a377db5d33923b74d226707ad94d4\",\"fhv_tripdata_2019-05.csv.gz\":\"3549e95cd55c26f280389556ce12c94c14c40e8851804f0b291796c0ad9aa601\",\"fhv_tripdata_2019-06.csv.gz\":\"b00fd7717b42158df3f08d7b16965cbe2ac57b6624fe71caf7fabc17f769130f\",\"fhv_tripdata_2019-07.csv.gz\":\"03cc4b2de48133fa071e8683e9d5564d5898f7b84616d2890026f517b9f3280a\",\"fhv_tripdata_2019-08.csv.gz\":\"1ac094e0972f1a1e11731b6bfbbd26a40f7bb4ce2c23bf2bfb80030b29f61060\",\"fhv_tripdata_2019-09.csv.gz\":\"a230f157a6244a91027e421ffcf516d72ea258885680f5f224b98cfd1a5ddb72\",\"fhv_tripdata_2019-10.csv.gz\":\"ac01ac931c0bc1f6b4a3c10676d62839e7a33d3ce44c0337fef17c9d212e2710\",\"fhv_tripdata_2019-11.csv.gz\":\"6699082ce7d243b145eb34510767e483c8d792afb2be9947c6b02508efd61066\",\"fhv_tripdata_2019-12.csv.gz\":\"622e7d6c2e7ae9fe0409da5b36dbe5068073abe6fca4a0935b28a9f60f0c59e4\"}"
            }
          },
          "sensitive_attributes": []
        }
      ]
    }
  ],
  "check_results": null
}
